
Microsoft Visual Studio Solution File, Format Version 12.00
# Visual Studio Version 17
VisualStudioVersion = 17.10.35027.167
MinimumVisualStudioVersion = 10.0.40219.1
Project("{FAE04EC0-301F-11D3-BF4B-00C04F79EFBC}") = "CommercialApplication", "CommercialApplication\CommercialApplication.csproj", "{B09F6347-2778-434C-AFD4-E7466228DFF7}"
EndProject
Global
	GlobalSection(SolutionConfigurationPlatforms) = preSolution
		Debug|Any CPU = Debug|Any CPU
		Release|Any CPU = Release|Any CPU
	EndGlobalSection
	GlobalSection(ProjectConfigurationPlatforms) = postSolution
		{B09F6347-2778-434C-AFD4-E7466228DFF7}.Debug|Any CPU.ActiveCfg = Debug|Any CPU
		{B09F6347-2778-434C-AFD4-E7466228DFF7}.Debug|Any CPU.Build.0 = Debug|Any CPU
		{B09F6347-2778-434C-AFD4-E7466228DFF7}.Release|Any CPU.ActiveCfg = Release|Any CPU
		{B09F6347-2778-434C-AFD4-E7466228DFF7}.Release|Any CPU.Build.0 = Release|Any CPU
	EndGlobalSection
	GlobalSection(SolutionProperties) = preSolution
		HideSolutionNode = FALSE
	EndGlobalSection
	GlobalSection(ExtensibilityGlobals) = postSolution
		SolutionGuid = {6BE57A52-6746-4302-9330-4296EF04AFF1}
	EndGlobalSection
EndGlobal
